
Microsoft Visual Studio Solution File, Format Version 12.00
# Visual Studio 14
VisualStudioVersion = 14.0.25123.0
MinimumVisualStudioVersion = 10.0.40219.1
Project("{FAE04EC0-301F-11D3-BF4B-00C04F79EFBC}") = "IHM", "IHM\IHM.csproj", "{5C7650AE-1815-4419-9A92-C3488099E6FF}"
EndProject
Project("{FAE04EC0-301F-11D3-BF4B-00C04F79EFBC}") = "BLL", "BLL\BLL.csproj", "{BE20900F-D732-43DF-BF9F-E846A80DA518}"
EndProject
Project("{FAE04EC0-301F-11D3-BF4B-00C04F79EFBC}") = "BO", "BO\BO.csproj", "{D4E2703F-C282-4122-99A1-5202D6401C8D}"
EndProject
Project("{FAE04EC0-301F-11D3-BF4B-00C04F79EFBC}") = "DAL", "DAL\DAL.csproj", "{E6A85738-FD0B-45F4-BBAF-F1D501EF16A7}"
EndProject
Project("{FAE04EC0-301F-11D3-BF4B-00C04F79EFBC}") = "BLLTests", "BLLTests\BLLTests.csproj", "{95A6D79A-D4A5-4F6E-8CE5-E44FF237D551}"
EndProject
Project("{FAE04EC0-301F-11D3-BF4B-00C04F79EFBC}") = "EntityDal", "EntityDal\EntityDal.csproj", "{2F2B8523-3913-4EEC-BAE8-E5353E8D935A}"
EndProject
Project("{FAE04EC0-301F-11D3-BF4B-00C04F79EFBC}") = "IHMWeb", "IHMWeb\IHMWeb.csproj", "{32BD5476-E5E8-4333-B9BF-9D4090B99376}"
EndProject
Project("{FAE04EC0-301F-11D3-BF4B-00C04F79EFBC}") = "IHMWeb.Tests", "IHMWeb.Tests\IHMWeb.Tests.csproj", "{DA5C442F-1C10-4DC9-90B6-4238933A84A8}"
EndProject
Global
	GlobalSection(SolutionConfigurationPlatforms) = preSolution
		Debug|Any CPU = Debug|Any CPU
		Release|Any CPU = Release|Any CPU
	EndGlobalSection
	GlobalSection(ProjectConfigurationPlatforms) = postSolution
		{5C7650AE-1815-4419-9A92-C3488099E6FF}.Debug|Any CPU.ActiveCfg = Debug|Any CPU
		{5C7650AE-1815-4419-9A92-C3488099E6FF}.Debug|Any CPU.Build.0 = Debug|Any CPU
		{5C7650AE-1815-4419-9A92-C3488099E6FF}.Release|Any CPU.ActiveCfg = Release|Any CPU
		{5C7650AE-1815-4419-9A92-C3488099E6FF}.Release|Any CPU.Build.0 = Release|Any CPU
		{BE20900F-D732-43DF-BF9F-E846A80DA518}.Debug|Any CPU.ActiveCfg = Debug|Any CPU
		{BE20900F-D732-43DF-BF9F-E846A80DA518}.Debug|Any CPU.Build.0 = Debug|Any CPU
		{BE20900F-D732-43DF-BF9F-E846A80DA518}.Release|Any CPU.ActiveCfg = Release|Any CPU
		{BE20900F-D732-43DF-BF9F-E846A80DA518}.Release|Any CPU.Build.0 = Release|Any CPU
		{D4E2703F-C282-4122-99A1-5202D6401C8D}.Debug|Any CPU.ActiveCfg = Debug|Any CPU
		{D4E2703F-C282-4122-99A1-5202D6401C8D}.Debug|Any CPU.Build.0 = Debug|Any CPU
		{D4E2703F-C282-4122-99A1-5202D6401C8D}.Release|Any CPU.ActiveCfg = Release|Any CPU
		{D4E2703F-C282-4122-99A1-5202D6401C8D}.Release|Any CPU.Build.0 = Release|Any CPU
		{E6A85738-FD0B-45F4-BBAF-F1D501EF16A7}.Debug|Any CPU.ActiveCfg = Debug|Any CPU
		{E6A85738-FD0B-45F4-BBAF-F1D501EF16A7}.Debug|Any CPU.Build.0 = Debug|Any CPU
		{E6A85738-FD0B-45F4-BBAF-F1D501EF16A7}.Release|Any CPU.ActiveCfg = Release|Any CPU
		{E6A85738-FD0B-45F4-BBAF-F1D501EF16A7}.Release|Any CPU.Build.0 = Release|Any CPU
		{95A6D79A-D4A5-4F6E-8CE5-E44FF237D551}.Debug|Any CPU.ActiveCfg = Debug|Any CPU
		{95A6D79A-D4A5-4F6E-8CE5-E44FF237D551}.Debug|Any CPU.Build.0 = Debug|Any CPU
		{95A6D79A-D4A5-4F6E-8CE5-E44FF237D551}.Release|Any CPU.ActiveCfg = Release|Any CPU
		{95A6D79A-D4A5-4F6E-8CE5-E44FF237D551}.Release|Any CPU.Build.0 = Release|Any CPU
		{2F2B8523-3913-4EEC-BAE8-E5353E8D935A}.Debug|Any CPU.ActiveCfg = Debug|Any CPU
		{2F2B8523-3913-4EEC-BAE8-E5353E8D935A}.Debug|Any CPU.Build.0 = Debug|Any CPU
		{2F2B8523-3913-4EEC-BAE8-E5353E8D935A}.Release|Any CPU.ActiveCfg = Release|Any CPU
		{2F2B8523-3913-4EEC-BAE8-E5353E8D935A}.Release|Any CPU.Build.0 = Release|Any CPU
		{32BD5476-E5E8-4333-B9BF-9D4090B99376}.Debug|Any CPU.ActiveCfg = Debug|Any CPU
		{32BD5476-E5E8-4333-B9BF-9D4090B99376}.Debug|Any CPU.Build.0 = Debug|Any CPU
		{32BD5476-E5E8-4333-B9BF-9D4090B99376}.Release|Any CPU.ActiveCfg = Release|Any CPU
		{32BD5476-E5E8-4333-B9BF-9D4090B99376}.Release|Any CPU.Build.0 = Release|Any CPU
		{DA5C442F-1C10-4DC9-90B6-4238933A84A8}.Debug|Any CPU.ActiveCfg = Debug|Any CPU
		{DA5C442F-1C10-4DC9-90B6-4238933A84A8}.Debug|Any CPU.Build.0 = Debug|Any CPU
		{DA5C442F-1C10-4DC9-90B6-4238933A84A8}.Release|Any CPU.ActiveCfg = Release|Any CPU
		{DA5C442F-1C10-4DC9-90B6-4238933A84A8}.Release|Any CPU.Build.0 = Release|Any CPU
	EndGlobalSection
	GlobalSection(SolutionProperties) = preSolution
		HideSolutionNode = FALSE
	EndGlobalSection
EndGlobal
